
Microsoft Visual Studio Solution File, Format Version 12.00
# Visual Studio Version 17
VisualStudioVersion = 17.3.32929.385
MinimumVisualStudioVersion = 10.0.40219.1
Project("{9A19103F-16F7-4668-BE54-9A1E7A4F7556}") = "iBMSC", "iBMSC\iBMSC.csproj", "{93C95D71-1C2C-4398-8D2D-88C2C66D1F5D}"
EndProject
Global
	GlobalSection(SolutionConfigurationPlatforms) = preSolution
		Debug|Any CPU = Debug|Any CPU
		Release|Any CPU = Release|Any CPU
	EndGlobalSection
	GlobalSection(ProjectConfigurationPlatforms) = postSolution
		{93C95D71-1C2C-4398-8D2D-88C2C66D1F5D}.Debug|Any CPU.ActiveCfg = Debug|Any CPU
		{93C95D71-1C2C-4398-8D2D-88C2C66D1F5D}.Debug|Any CPU.Build.0 = Debug|Any CPU
		{93C95D71-1C2C-4398-8D2D-88C2C66D1F5D}.Release|Any CPU.ActiveCfg = Release|Any CPU
		{93C95D71-1C2C-4398-8D2D-88C2C66D1F5D}.Release|Any CPU.Build.0 = Release|Any CPU
	EndGlobalSection
	GlobalSection(SolutionProperties) = preSolution
		HideSolutionNode = FALSE
	EndGlobalSection
	GlobalSection(ExtensibilityGlobals) = postSolution
		SolutionGuid = {5FD384D7-332B-4463-B270-BDDD6807E951}
	EndGlobalSection
EndGlobal
